
Microsoft Visual Studio Solution File, Format Version 10.00
# Visual Studio 2008
Project("{8BC9CEB8-8B4A-11D0-8D11-00A0C91BC942}") = "hdrImaging", "hdr_imaging.vcproj", "{10585840-97C9-4CC2-A406-B30F4819145B}"
EndProject
Global
	GlobalSection(SolutionConfigurationPlatforms) = preSolution
		Debug|Win32 = Debug|Win32
		Release|Win32 = Release|Win32
	EndGlobalSection
	GlobalSection(ProjectConfigurationPlatforms) = postSolution
		{10585840-97C9-4CC2-A406-B30F4819145B}.Debug|Win32.ActiveCfg = Debug|Win32
		{10585840-97C9-4CC2-A406-B30F4819145B}.Debug|Win32.Build.0 = Debug|Win32
		{10585840-97C9-4CC2-A406-B30F4819145B}.Release|Win32.ActiveCfg = Release|Win32
		{10585840-97C9-4CC2-A406-B30F4819145B}.Release|Win32.Build.0 = Release|Win32
	EndGlobalSection
	GlobalSection(SolutionProperties) = preSolution
		HideSolutionNode = FALSE
	EndGlobalSection
EndGlobal
