
Microsoft Visual Studio Solution File, Format Version 10.00
# Visual C++ Express 2008
Project("{8BC9CEB8-8B4A-11D0-8D11-00A0C91BC942}") = "sbmviewer", "sbmviewer.vcproj", "{11D62812-8A7D-4961-81DC-0CB2F1C0D5E3}"
EndProject
Global
	GlobalSection(SolutionConfigurationPlatforms) = preSolution
		Debug|Win32 = Debug|Win32
		Release|Win32 = Release|Win32
	EndGlobalSection
	GlobalSection(ProjectConfigurationPlatforms) = postSolution
		{11D62812-8A7D-4961-81DC-0CB2F1C0D5E3}.Debug|Win32.ActiveCfg = Debug|Win32
		{11D62812-8A7D-4961-81DC-0CB2F1C0D5E3}.Debug|Win32.Build.0 = Debug|Win32
		{11D62812-8A7D-4961-81DC-0CB2F1C0D5E3}.Release|Win32.ActiveCfg = Release|Win32
		{11D62812-8A7D-4961-81DC-0CB2F1C0D5E3}.Release|Win32.Build.0 = Release|Win32
	EndGlobalSection
	GlobalSection(SolutionProperties) = preSolution
		HideSolutionNode = FALSE
	EndGlobalSection
EndGlobal
