
Microsoft Visual Studio Solution File, Format Version 10.00
# Visual C++ Express 2008
Project("{8BC9CEB8-8B4A-11D0-8D11-00A0C91BC942}") = "GSNormals", "GSNormals.vcproj", "{E4BE10C1-1B2D-4815-BC95-58797BC71AFB}"
EndProject
Global
	GlobalSection(SolutionConfigurationPlatforms) = preSolution
		Debug|Win32 = Debug|Win32
		Release|Win32 = Release|Win32
	EndGlobalSection
	GlobalSection(ProjectConfigurationPlatforms) = postSolution
		{E4BE10C1-1B2D-4815-BC95-58797BC71AFB}.Debug|Win32.ActiveCfg = Debug|Win32
		{E4BE10C1-1B2D-4815-BC95-58797BC71AFB}.Debug|Win32.Build.0 = Debug|Win32
		{E4BE10C1-1B2D-4815-BC95-58797BC71AFB}.Release|Win32.ActiveCfg = Release|Win32
		{E4BE10C1-1B2D-4815-BC95-58797BC71AFB}.Release|Win32.Build.0 = Release|Win32
	EndGlobalSection
	GlobalSection(SolutionProperties) = preSolution
		HideSolutionNode = FALSE
	EndGlobalSection
EndGlobal
